
Microsoft Visual Studio Solution File, Format Version 12.00
# Visual Studio Version 17
VisualStudioVersion = 17.7.34031.279
MinimumVisualStudioVersion = 10.0.40219.1
Project("{FAE04EC0-301F-11D3-BF4B-00C04F79EFBC}") = "RussianPost", "RussianPost\RussianPost.csproj", "{1A379C42-EB66-4D2B-AC17-019F7E482986}"
EndProject
Project("{FAE04EC0-301F-11D3-BF4B-00C04F79EFBC}") = "RussianPostTest", "RussianPostTest\RussianPostTest.csproj", "{71A5E370-506C-4ACA-8A36-20835A6D95C5}"
EndProject
Global
	GlobalSection(SolutionConfigurationPlatforms) = preSolution
		Debug|Any CPU = Debug|Any CPU
		Release|Any CPU = Release|Any CPU
	EndGlobalSection
	GlobalSection(ProjectConfigurationPlatforms) = postSolution
		{1A379C42-EB66-4D2B-AC17-019F7E482986}.Debug|Any CPU.ActiveCfg = Debug|Any CPU
		{1A379C42-EB66-4D2B-AC17-019F7E482986}.Debug|Any CPU.Build.0 = Debug|Any CPU
		{1A379C42-EB66-4D2B-AC17-019F7E482986}.Release|Any CPU.ActiveCfg = Release|Any CPU
		{1A379C42-EB66-4D2B-AC17-019F7E482986}.Release|Any CPU.Build.0 = Release|Any CPU
		{71A5E370-506C-4ACA-8A36-20835A6D95C5}.Debug|Any CPU.ActiveCfg = Debug|Any CPU
		{71A5E370-506C-4ACA-8A36-20835A6D95C5}.Debug|Any CPU.Build.0 = Debug|Any CPU
		{71A5E370-506C-4ACA-8A36-20835A6D95C5}.Release|Any CPU.ActiveCfg = Release|Any CPU
		{71A5E370-506C-4ACA-8A36-20835A6D95C5}.Release|Any CPU.Build.0 = Release|Any CPU
	EndGlobalSection
	GlobalSection(SolutionProperties) = preSolution
		HideSolutionNode = FALSE
	EndGlobalSection
	GlobalSection(ExtensibilityGlobals) = postSolution
		SolutionGuid = {D865BB69-C9B6-4F50-9E7D-47784371321D}
	EndGlobalSection
EndGlobal
